// !$*UTF8*$!
{
	archiveVersion = 1;
	classes = {
	};
	objectVersion = 77;
	objects = {

/* Begin PBXBuildFile section */
		06FB02CE11AC68F311884C35 /* HUDHeader.swift in Sources */ = {isa = PBXBuildFile; fileRef = 3EF47653A28AE4616E56EC52 /* HUDHeader.swift */; };
		089470DFD25809792E7CE373 /* Spacing.swift in Sources */ = {isa = PBXBuildFile; fileRef = 0ADADB27D611B8DE139FCA2B /* Spacing.swift */; };
		08F3777F21442C3371B5D0D2 /* Motion.swift in Sources */ = {isa = PBXBuildFile; fileRef = FB26BA165C965B3D9F6EBBB4 /* Motion.swift */; };
		11911FF4F222ADE2D6FC3D60 /* LoginItem.swift in Sources */ = {isa = PBXBuildFile; fileRef = 4A58F6E6DAA49B17B5D93252 /* LoginItem.swift */; };
		1520015C13ED4C02619ACBED /* OrbPlaceholder.swift in Sources */ = {isa = PBXBuildFile; fileRef = 4334FDA9085B84FAAD9382E5 /* OrbPlaceholder.swift */; };
		20AEBF1C3B8D5B24AF050E15 /* HUDView.swift in Sources */ = {isa = PBXBuildFile; fileRef = C229EBD8B8FEB871BB6E28B9 /* HUDView.swift */; };
		34C7AD1DE6420BEF42FAD293 /* Typography.swift in Sources */ = {isa = PBXBuildFile; fileRef = 29F8CE674CAFFFAB1AB985C3 /* Typography.swift */; };
		3C69E44BB9FDBE6B02E79BE7 /* Color+Hex.swift in Sources */ = {isa = PBXBuildFile; fileRef = D8741061B41EAE511CD1EDB2 /* Color+Hex.swift */; };
		3CA5A3A1F0C6316751D18567 /* FontRegistry.swift in Sources */ = {isa = PBXBuildFile; fileRef = A8153068983A174A05BC573A /* FontRegistry.swift */; };
		4441A8F6F91EDEC35FE4CC9C /* GeneralSettingsView.swift in Sources */ = {isa = PBXBuildFile; fileRef = C01714B197A12C03E9D31879 /* GeneralSettingsView.swift */; };
		4CC19948D62315CBAF1831BF /* GlobalHotKey.swift in Sources */ = {isa = PBXBuildFile; fileRef = A5AA1D5D5D7056C5E8F3EA65 /* GlobalHotKey.swift */; };
		6866DDD4BE95BCDFD8FA5CC3 /* KeyShortcut.swift in Sources */ = {isa = PBXBuildFile; fileRef = 09195A0C453D3B05D256DB98 /* KeyShortcut.swift */; };
		6B27DB5DB2B6FABCC7209EC4 /* HUDRings.swift in Sources */ = {isa = PBXBuildFile; fileRef = C8C7B643FC3DD7544632639A /* HUDRings.swift */; };
		793A8D67093496AF04844C53 /* HUDPresenter.swift in Sources */ = {isa = PBXBuildFile; fileRef = 9DBC49EA5DAECDC811820226 /* HUDPresenter.swift */; };
		7AC9283E33A5CC0AAB383993 /* HUDBackground.swift in Sources */ = {isa = PBXBuildFile; fileRef = 843E5BFC26AC4B1F297180AC /* HUDBackground.swift */; };
		7B9B1BFD21DA0079C886B242 /* BuboApp.swift in Sources */ = {isa = PBXBuildFile; fileRef = E019D629F17040F055F7D468 /* BuboApp.swift */; };
		7D72909DC690A8310E285F52 /* Fonts in Resources */ = {isa = PBXBuildFile; fileRef = BD943255F3683AB562E18646 /* Fonts */; };
		8390B864D147BB5FF46D5258 /* KeyShortcutTests.swift in Sources */ = {isa = PBXBuildFile; fileRef = 68622428764DC861DC3FAA54 /* KeyShortcutTests.swift */; };
		989EEA64EDBEFAD9002C0AD8 /* SettingsView.swift in Sources */ = {isa = PBXBuildFile; fileRef = 702D1E34B6C51C26C2B2E7E8 /* SettingsView.swift */; };
		A5A7E2DBD6F83C35E59B7E95 /* CornerRadius.swift in Sources */ = {isa = PBXBuildFile; fileRef = 32039AB4AF179B68E41C6F34 /* CornerRadius.swift */; };
		B8044EE8C0F8B08EABDBD4B5 /* ShortcutRecorder.swift in Sources */ = {isa = PBXBuildFile; fileRef = BD51FE83D7BC6B29C6945A03 /* ShortcutRecorder.swift */; };
		C6A14757459D3A1F46B63871 /* DockIcon.swift in Sources */ = {isa = PBXBuildFile; fileRef = 1EA678391ED86A26C5074E1B /* DockIcon.swift */; };
		D4AE5D756C29E8E6403F08A8 /* HotKeyCenter.swift in Sources */ = {isa = PBXBuildFile; fileRef = F8D941A7CB6C632BAD942E57 /* HotKeyCenter.swift */; };
		E7660C1C174890ACD9B7D12A /* Assets.xcassets in Resources */ = {isa = PBXBuildFile; fileRef = 708AE408AEF8125F11C83681 /* Assets.xcassets */; };
		E7BCD01B2505F7240F5062BD /* MenuBarContent.swift in Sources */ = {isa = PBXBuildFile; fileRef = B0A66086012B4E700F970BC0 /* MenuBarContent.swift */; };
		EDD5D6BCE42BAE82ECFE5092 /* AppDelegate.swift in Sources */ = {isa = PBXBuildFile; fileRef = 71D33700CEF17B867345DAC5 /* AppDelegate.swift */; };
		F9F367E604C5370EC7F5EB60 /* ShortcutSettingsView.swift in Sources */ = {isa = PBXBuildFile; fileRef = 1E5C4DB6FBC491EF8F7EEEBE /* ShortcutSettingsView.swift */; };
		FBE5C1AD4EC3DBF7982F0D61 /* Palette.swift in Sources */ = {isa = PBXBuildFile; fileRef = 25393899011FD99909EE279A /* Palette.swift */; };
/* End PBXBuildFile section */

/* Begin PBXContainerItemProxy section */
		B07C0004DD199F55F4669C7E /* PBXContainerItemProxy */ = {
			isa = PBXContainerItemProxy;
			containerPortal = 42E28187C7F16FDF4E5257D3 /* Project object */;
			proxyType = 1;
			remoteGlobalIDString = 4983DDCFE6FFE901FE750673;
			remoteInfo = Bubo;
		};
/* End PBXContainerItemProxy section */

/* Begin PBXFileReference section */
		09195A0C453D3B05D256DB98 /* KeyShortcut.swift */ = {isa = PBXFileReference; lastKnownFileType = sourcecode.swift; path = KeyShortcut.swift; sourceTree = "<group>"; };
		0ADADB27D611B8DE139FCA2B /* Spacing.swift */ = {isa = PBXFileReference; lastKnownFileType = sourcecode.swift; path = Spacing.swift; sourceTree = "<group>"; };
		1E5C4DB6FBC491EF8F7EEEBE /* ShortcutSettingsView.swift */ = {isa = PBXFileReference; lastKnownFileType = sourcecode.swift; path = ShortcutSettingsView.swift; sourceTree = "<group>"; };
		1EA678391ED86A26C5074E1B /* DockIcon.swift */ = {isa = PBXFileReference; lastKnownFileType = sourcecode.swift; path = DockIcon.swift; sourceTree = "<group>"; };
		25393899011FD99909EE279A /* Palette.swift */ = {isa = PBXFileReference; lastKnownFileType = sourcecode.swift; path = Palette.swift; sourceTree = "<group>"; };
		29F8CE674CAFFFAB1AB985C3 /* Typography.swift */ = {isa = PBXFileReference; lastKnownFileType = sourcecode.swift; path = Typography.swift; sourceTree = "<group>"; };
		32039AB4AF179B68E41C6F34 /* CornerRadius.swift */ = {isa = PBXFileReference; lastKnownFileType = sourcecode.swift; path = CornerRadius.swift; sourceTree = "<group>"; };
		35502D2370302D6F90EB7D39 /* BuboTests.xctest */ = {isa = PBXFileReference; explicitFileType = wrapper.cfbundle; includeInIndex = 0; path = BuboTests.xctest; sourceTree = BUILT_PRODUCTS_DIR; };
		3EF47653A28AE4616E56EC52 /* HUDHeader.swift */ = {isa = PBXFileReference; lastKnownFileType = sourcecode.swift; path = HUDHeader.swift; sourceTree = "<group>"; };
		4334FDA9085B84FAAD9382E5 /* OrbPlaceholder.swift */ = {isa = PBXFileReference; lastKnownFileType = sourcecode.swift; path = OrbPlaceholder.swift; sourceTree = "<group>"; };
		4A58F6E6DAA49B17B5D93252 /* LoginItem.swift */ = {isa = PBXFileReference; lastKnownFileType = sourcecode.swift; path = LoginItem.swift; sourceTree = "<group>"; };
		68622428764DC861DC3FAA54 /* KeyShortcutTests.swift */ = {isa = PBXFileReference; lastKnownFileType = sourcecode.swift; path = KeyShortcutTests.swift; sourceTree = "<group>"; };
		702D1E34B6C51C26C2B2E7E8 /* SettingsView.swift */ = {isa = PBXFileReference; lastKnownFileType = sourcecode.swift; path = SettingsView.swift; sourceTree = "<group>"; };
		708AE408AEF8125F11C83681 /* Assets.xcassets */ = {isa = PBXFileReference; lastKnownFileType = folder.assetcatalog; path = Assets.xcassets; sourceTree = "<group>"; };
		71D33700CEF17B867345DAC5 /* AppDelegate.swift */ = {isa = PBXFileReference; lastKnownFileType = sourcecode.swift; path = AppDelegate.swift; sourceTree = "<group>"; };
		843E5BFC26AC4B1F297180AC /* HUDBackground.swift */ = {isa = PBXFileReference; lastKnownFileType = sourcecode.swift; path = HUDBackground.swift; sourceTree = "<group>"; };
		9DBC49EA5DAECDC811820226 /* HUDPresenter.swift */ = {isa = PBXFileReference; lastKnownFileType = sourcecode.swift; path = HUDPresenter.swift; sourceTree = "<group>"; };
		A5AA1D5D5D7056C5E8F3EA65 /* GlobalHotKey.swift */ = {isa = PBXFileReference; lastKnownFileType = sourcecode.swift; path = GlobalHotKey.swift; sourceTree = "<group>"; };
		A8153068983A174A05BC573A /* FontRegistry.swift */ = {isa = PBXFileReference; lastKnownFileType = sourcecode.swift; path = FontRegistry.swift; sourceTree = "<group>"; };
		B0A66086012B4E700F970BC0 /* MenuBarContent.swift */ = {isa = PBXFileReference; lastKnownFileType = sourcecode.swift; path = MenuBarContent.swift; sourceTree = "<group>"; };
		BD51FE83D7BC6B29C6945A03 /* ShortcutRecorder.swift */ = {isa = PBXFileReference; lastKnownFileType = sourcecode.swift; path = ShortcutRecorder.swift; sourceTree = "<group>"; };
		BD943255F3683AB562E18646 /* Fonts */ = {isa = PBXFileReference; lastKnownFileType = folder; name = Fonts; path = Bubo/Resources/Fonts; sourceTree = SOURCE_ROOT; };
		C01714B197A12C03E9D31879 /* GeneralSettingsView.swift */ = {isa = PBXFileReference; lastKnownFileType = sourcecode.swift; path = GeneralSettingsView.swift; sourceTree = "<group>"; };
		C229EBD8B8FEB871BB6E28B9 /* HUDView.swift */ = {isa = PBXFileReference; lastKnownFileType = sourcecode.swift; path = HUDView.swift; sourceTree = "<group>"; };
		C8C7B643FC3DD7544632639A /* HUDRings.swift */ = {isa = PBXFileReference; lastKnownFileType = sourcecode.swift; path = HUDRings.swift; sourceTree = "<group>"; };
		D8741061B41EAE511CD1EDB2 /* Color+Hex.swift */ = {isa = PBXFileReference; lastKnownFileType = sourcecode.swift; path = "Color+Hex.swift"; sourceTree = "<group>"; };
		DA65CA28AFC58637670A2B8A /* Bubo.app */ = {isa = PBXFileReference; explicitFileType = wrapper.application; includeInIndex = 0; path = Bubo.app; sourceTree = BUILT_PRODUCTS_DIR; };
		E019D629F17040F055F7D468 /* BuboApp.swift */ = {isa = PBXFileReference; lastKnownFileType = sourcecode.swift; path = BuboApp.swift; sourceTree = "<group>"; };
		F8D941A7CB6C632BAD942E57 /* HotKeyCenter.swift */ = {isa = PBXFileReference; lastKnownFileType = sourcecode.swift; path = HotKeyCenter.swift; sourceTree = "<group>"; };
		FB26BA165C965B3D9F6EBBB4 /* Motion.swift */ = {isa = PBXFileReference; lastKnownFileType = sourcecode.swift; path = Motion.swift; sourceTree = "<group>"; };
/* End PBXFileReference section */

/* Begin PBXGroup section */
		2560E9ABC685F1BFDEF978B8 /* Resources */ = {
			isa = PBXGroup;
			children = (
				708AE408AEF8125F11C83681 /* Assets.xcassets */,
				BD943255F3683AB562E18646 /* Fonts */,
			);
			path = Resources;
			sourceTree = "<group>";
		};
		2F35AEDB6BD6AEA7008B006D /* HUD */ = {
			isa = PBXGroup;
			children = (
				843E5BFC26AC4B1F297180AC /* HUDBackground.swift */,
				3EF47653A28AE4616E56EC52 /* HUDHeader.swift */,
				C8C7B643FC3DD7544632639A /* HUDRings.swift */,
				C229EBD8B8FEB871BB6E28B9 /* HUDView.swift */,
				4334FDA9085B84FAAD9382E5 /* OrbPlaceholder.swift */,
			);
			path = HUD;
			sourceTree = "<group>";
		};
		44CF0A00FFC3FBA97900DD37 /* System */ = {
			isa = PBXGroup;
			children = (
				1EA678391ED86A26C5074E1B /* DockIcon.swift */,
				A5AA1D5D5D7056C5E8F3EA65 /* GlobalHotKey.swift */,
				F8D941A7CB6C632BAD942E57 /* HotKeyCenter.swift */,
				09195A0C453D3B05D256DB98 /* KeyShortcut.swift */,
				4A58F6E6DAA49B17B5D93252 /* LoginItem.swift */,
			);
			path = System;
			sourceTree = "<group>";
		};
		5C0331E5E38502B19EF6906E /* MenuBar */ = {
			isa = PBXGroup;
			children = (
				B0A66086012B4E700F970BC0 /* MenuBarContent.swift */,
			);
			path = MenuBar;
			sourceTree = "<group>";
		};
		6529323C1330CB9177CD37DD = {
			isa = PBXGroup;
			children = (
				6B2C870461FF556C0A95575D /* Bubo */,
				B5C041BD0BE883048D8B4016 /* BuboTests */,
				E22A1CFCDDD8D36FC35AD599 /* Products */,
			);
			sourceTree = "<group>";
		};
		6B2C870461FF556C0A95575D /* Bubo */ = {
			isa = PBXGroup;
			children = (
				F5F6B44722D8E0DC822C7BB5 /* App */,
				935C8F2AD5D3A800FA0A3E9E /* Design */,
				2F35AEDB6BD6AEA7008B006D /* HUD */,
				5C0331E5E38502B19EF6906E /* MenuBar */,
				2560E9ABC685F1BFDEF978B8 /* Resources */,
				E409EC2B4E9D7C7E1BF488D1 /* Settings */,
				44CF0A00FFC3FBA97900DD37 /* System */,
			);
			path = Bubo;
			sourceTree = "<group>";
		};
		935C8F2AD5D3A800FA0A3E9E /* Design */ = {
			isa = PBXGroup;
			children = (
				D8741061B41EAE511CD1EDB2 /* Color+Hex.swift */,
				32039AB4AF179B68E41C6F34 /* CornerRadius.swift */,
				A8153068983A174A05BC573A /* FontRegistry.swift */,
				FB26BA165C965B3D9F6EBBB4 /* Motion.swift */,
				25393899011FD99909EE279A /* Palette.swift */,
				0ADADB27D611B8DE139FCA2B /* Spacing.swift */,
				29F8CE674CAFFFAB1AB985C3 /* Typography.swift */,
			);
			path = Design;
			sourceTree = "<group>";
		};
		B5C041BD0BE883048D8B4016 /* BuboTests */ = {
			isa = PBXGroup;
			children = (
				68622428764DC861DC3FAA54 /* KeyShortcutTests.swift */,
			);
			path = BuboTests;
			sourceTree = "<group>";
		};
		E22A1CFCDDD8D36FC35AD599 /* Products */ = {
			isa = PBXGroup;
			children = (
				DA65CA28AFC58637670A2B8A /* Bubo.app */,
				35502D2370302D6F90EB7D39 /* BuboTests.xctest */,
			);
			name = Products;
			sourceTree = "<group>";
		};
		E409EC2B4E9D7C7E1BF488D1 /* Settings */ = {
			isa = PBXGroup;
			children = (
				C01714B197A12C03E9D31879 /* GeneralSettingsView.swift */,
				702D1E34B6C51C26C2B2E7E8 /* SettingsView.swift */,
				BD51FE83D7BC6B29C6945A03 /* ShortcutRecorder.swift */,
				1E5C4DB6FBC491EF8F7EEEBE /* ShortcutSettingsView.swift */,
			);
			path = Settings;
			sourceTree = "<group>";
		};
		F5F6B44722D8E0DC822C7BB5 /* App */ = {
			isa = PBXGroup;
			children = (
				71D33700CEF17B867345DAC5 /* AppDelegate.swift */,
				E019D629F17040F055F7D468 /* BuboApp.swift */,
				9DBC49EA5DAECDC811820226 /* HUDPresenter.swift */,
			);
			path = App;
			sourceTree = "<group>";
		};
/* End PBXGroup section */

/* Begin PBXNativeTarget section */
		4983DDCFE6FFE901FE750673 /* Bubo */ = {
			isa = PBXNativeTarget;
			buildConfigurationList = 7E92B36A1E98BD88B0F8D323 /* Build configuration list for PBXNativeTarget "Bubo" */;
			buildPhases = (
				862278C35312FA1A772535EB /* Sources */,
				832DED393E37CA3A6CF38E35 /* Resources */,
			);
			buildRules = (
			);
			dependencies = (
			);
			name = Bubo;
			packageProductDependencies = (
			);
			productName = Bubo;
			productReference = DA65CA28AFC58637670A2B8A /* Bubo.app */;
			productType = "com.apple.product-type.application";
		};
		9A721C64AD09B688B3D521D6 /* BuboTests */ = {
			isa = PBXNativeTarget;
			buildConfigurationList = EB8EF526BE490A516072655C /* Build configuration list for PBXNativeTarget "BuboTests" */;
			buildPhases = (
				D2EDC265091147BFC9770DE8 /* Sources */,
			);
			buildRules = (
			);
			dependencies = (
				0AEB326F51997A9FD962C3EF /* PBXTargetDependency */,
			);
			name = BuboTests;
			packageProductDependencies = (
			);
			productName = BuboTests;
			productReference = 35502D2370302D6F90EB7D39 /* BuboTests.xctest */;
			productType = "com.apple.product-type.bundle.unit-test";
		};
/* End PBXNativeTarget section */

/* Begin PBXProject section */
		42E28187C7F16FDF4E5257D3 /* Project object */ = {
			isa = PBXProject;
			attributes = {
				BuildIndependentTargetsInParallel = YES;
				LastUpgradeCheck = 1430;
				TargetAttributes = {
					4983DDCFE6FFE901FE750673 = {
						DevelopmentTeam = U38D796ZBJ;
						ProvisioningStyle = Manual;
					};
					9A721C64AD09B688B3D521D6 = {
						DevelopmentTeam = U38D796ZBJ;
						ProvisioningStyle = Manual;
					};
				};
			};
			buildConfigurationList = 561FD5031365B32C210F47F6 /* Build configuration list for PBXProject "Bubo" */;
			developmentRegion = it;
			hasScannedForEncodings = 0;
			knownRegions = (
				Base,
				it,
			);
			mainGroup = 6529323C1330CB9177CD37DD;
			minimizedProjectReferenceProxies = 1;
			preferredProjectObjectVersion = 77;
			productRefGroup = E22A1CFCDDD8D36FC35AD599 /* Products */;
			projectDirPath = "";
			projectRoot = "";
			targets = (
				4983DDCFE6FFE901FE750673 /* Bubo */,
				9A721C64AD09B688B3D521D6 /* BuboTests */,
			);
		};
/* End PBXProject section */

/* Begin PBXResourcesBuildPhase section */
		832DED393E37CA3A6CF38E35 /* Resources */ = {
			isa = PBXResourcesBuildPhase;
			buildActionMask = 2147483647;
			files = (
				E7660C1C174890ACD9B7D12A /* Assets.xcassets in Resources */,
				7D72909DC690A8310E285F52 /* Fonts in Resources */,
			);
			runOnlyForDeploymentPostprocessing = 0;
		};
/* End PBXResourcesBuildPhase section */

/* Begin PBXSourcesBuildPhase section */
		862278C35312FA1A772535EB /* Sources */ = {
			isa = PBXSourcesBuildPhase;
			buildActionMask = 2147483647;
			files = (
				EDD5D6BCE42BAE82ECFE5092 /* AppDelegate.swift in Sources */,
				7B9B1BFD21DA0079C886B242 /* BuboApp.swift in Sources */,
				3C69E44BB9FDBE6B02E79BE7 /* Color+Hex.swift in Sources */,
				A5A7E2DBD6F83C35E59B7E95 /* CornerRadius.swift in Sources */,
				C6A14757459D3A1F46B63871 /* DockIcon.swift in Sources */,
				3CA5A3A1F0C6316751D18567 /* FontRegistry.swift in Sources */,
				4441A8F6F91EDEC35FE4CC9C /* GeneralSettingsView.swift in Sources */,
				4CC19948D62315CBAF1831BF /* GlobalHotKey.swift in Sources */,
				7AC9283E33A5CC0AAB383993 /* HUDBackground.swift in Sources */,
				06FB02CE11AC68F311884C35 /* HUDHeader.swift in Sources */,
				793A8D67093496AF04844C53 /* HUDPresenter.swift in Sources */,
				6B27DB5DB2B6FABCC7209EC4 /* HUDRings.swift in Sources */,
				20AEBF1C3B8D5B24AF050E15 /* HUDView.swift in Sources */,
				D4AE5D756C29E8E6403F08A8 /* HotKeyCenter.swift in Sources */,
				6866DDD4BE95BCDFD8FA5CC3 /* KeyShortcut.swift in Sources */,
				11911FF4F222ADE2D6FC3D60 /* LoginItem.swift in Sources */,
				E7BCD01B2505F7240F5062BD /* MenuBarContent.swift in Sources */,
				08F3777F21442C3371B5D0D2 /* Motion.swift in Sources */,
				1520015C13ED4C02619ACBED /* OrbPlaceholder.swift in Sources */,
				FBE5C1AD4EC3DBF7982F0D61 /* Palette.swift in Sources */,
				989EEA64EDBEFAD9002C0AD8 /* SettingsView.swift in Sources */,
				B8044EE8C0F8B08EABDBD4B5 /* ShortcutRecorder.swift in Sources */,
				F9F367E604C5370EC7F5EB60 /* ShortcutSettingsView.swift in Sources */,
				089470DFD25809792E7CE373 /* Spacing.swift in Sources */,
				34C7AD1DE6420BEF42FAD293 /* Typography.swift in Sources */,
			);
			runOnlyForDeploymentPostprocessing = 0;
		};
		D2EDC265091147BFC9770DE8 /* Sources */ = {
			isa = PBXSourcesBuildPhase;
			buildActionMask = 2147483647;
			files = (
				8390B864D147BB5FF46D5258 /* KeyShortcutTests.swift in Sources */,
			);
			runOnlyForDeploymentPostprocessing = 0;
		};
/* End PBXSourcesBuildPhase section */

/* Begin PBXTargetDependency section */
		0AEB326F51997A9FD962C3EF /* PBXTargetDependency */ = {
			isa = PBXTargetDependency;
			target = 4983DDCFE6FFE901FE750673 /* Bubo */;
			targetProxy = B07C0004DD199F55F4669C7E /* PBXContainerItemProxy */;
		};
/* End PBXTargetDependency section */

/* Begin XCBuildConfiguration section */
		2702706019CE4D4C6DE4757F /* Debug */ = {
			isa = XCBuildConfiguration;
			buildSettings = {
				ASSETCATALOG_COMPILER_APPICON_NAME = AppIcon;
				COMBINE_HIDPI_IMAGES = YES;
				CURRENT_PROJECT_VERSION = 1;
				GENERATE_INFOPLIST_FILE = YES;
				INFOPLIST_KEY_CFBundleDisplayName = Bubo;
				INFOPLIST_KEY_LSApplicationCategoryType = "public.app-category.productivity";
				INFOPLIST_KEY_NSHumanReadableCopyright = "© 2026 Matteo Giuditta";
				LD_RUNPATH_SEARCH_PATHS = (
					"$(inherited)",
					"@executable_path/../Frameworks",
				);
				MARKETING_VERSION = 0.1.0;
				PRODUCT_BUNDLE_IDENTIFIER = com.mgiuditta.bubo;
				SDKROOT = macosx;
			};
			name = Debug;
		};
		6E35AE5072706F4B086AA043 /* Release */ = {
			isa = XCBuildConfiguration;
			buildSettings = {
				ALWAYS_SEARCH_USER_PATHS = NO;
				CLANG_ANALYZER_NONNULL = YES;
				CLANG_ANALYZER_NUMBER_OBJECT_CONVERSION = YES_AGGRESSIVE;
				CLANG_CXX_LANGUAGE_STANDARD = "gnu++14";
				CLANG_CXX_LIBRARY = "libc++";
				CLANG_ENABLE_MODULES = YES;
				CLANG_ENABLE_OBJC_ARC = YES;
				CLANG_ENABLE_OBJC_WEAK = YES;
				CLANG_WARN_BLOCK_CAPTURE_AUTORELEASING = YES;
				CLANG_WARN_BOOL_CONVERSION = YES;
				CLANG_WARN_COMMA = YES;
				CLANG_WARN_CONSTANT_CONVERSION = YES;
				CLANG_WARN_DEPRECATED_OBJC_IMPLEMENTATIONS = YES;
				CLANG_WARN_DIRECT_OBJC_ISA_USAGE = YES_ERROR;
				CLANG_WARN_DOCUMENTATION_COMMENTS = YES;
				CLANG_WARN_EMPTY_BODY = YES;
				CLANG_WARN_ENUM_CONVERSION = YES;
				CLANG_WARN_INFINITE_RECURSION = YES;
				CLANG_WARN_INT_CONVERSION = YES;
				CLANG_WARN_NON_LITERAL_NULL_CONVERSION = YES;
				CLANG_WARN_OBJC_IMPLICIT_RETAIN_SELF = YES;
				CLANG_WARN_OBJC_LITERAL_CONVERSION = YES;
				CLANG_WARN_OBJC_ROOT_CLASS = YES_ERROR;
				CLANG_WARN_QUOTED_INCLUDE_IN_FRAMEWORK_HEADER = YES;
				CLANG_WARN_RANGE_LOOP_ANALYSIS = YES;
				CLANG_WARN_STRICT_PROTOTYPES = YES;
				CLANG_WARN_SUSPICIOUS_MOVE = YES;
				CLANG_WARN_UNGUARDED_AVAILABILITY = YES_AGGRESSIVE;
				CLANG_WARN_UNREACHABLE_CODE = YES;
				CLANG_WARN__DUPLICATE_METHOD_MATCH = YES;
				CODE_SIGN_IDENTITY = "Developer ID Application";
				CODE_SIGN_STYLE = Manual;
				COPY_PHASE_STRIP = NO;
				DEBUG_INFORMATION_FORMAT = "dwarf-with-dsym";
				DEVELOPMENT_TEAM = U38D796ZBJ;
				ENABLE_HARDENED_RUNTIME = YES;
				ENABLE_NS_ASSERTIONS = NO;
				ENABLE_STRICT_OBJC_MSGSEND = YES;
				GCC_C_LANGUAGE_STANDARD = gnu11;
				GCC_NO_COMMON_BLOCKS = YES;
				GCC_WARN_64_TO_32_BIT_CONVERSION = YES;
				GCC_WARN_ABOUT_RETURN_TYPE = YES_ERROR;
				GCC_WARN_UNDECLARED_SELECTOR = YES;
				GCC_WARN_UNINITIALIZED_AUTOS = YES_AGGRESSIVE;
				GCC_WARN_UNUSED_FUNCTION = YES;
				GCC_WARN_UNUSED_VARIABLE = YES;
				LOCALIZATION_PREFERS_STRING_CATALOGS = YES;
				MACOSX_DEPLOYMENT_TARGET = 26.0;
				MTL_ENABLE_DEBUG_INFO = NO;
				MTL_FAST_MATH = YES;
				PRODUCT_NAME = "$(TARGET_NAME)";
				SDKROOT = macosx;
				SWIFT_APPROACHABLE_CONCURRENCY = YES;
				SWIFT_COMPILATION_MODE = wholemodule;
				SWIFT_DEFAULT_ACTOR_ISOLATION = MainActor;
				SWIFT_EMIT_LOC_STRINGS = YES;
				SWIFT_OPTIMIZATION_LEVEL = "-O";
				SWIFT_STRICT_CONCURRENCY = complete;
				SWIFT_VERSION = 6.0;
			};
			name = Release;
		};
		BCE5B643711B2379B516F7D8 /* Release */ = {
			isa = XCBuildConfiguration;
			buildSettings = {
				ASSETCATALOG_COMPILER_APPICON_NAME = AppIcon;
				COMBINE_HIDPI_IMAGES = YES;
				CURRENT_PROJECT_VERSION = 1;
				GENERATE_INFOPLIST_FILE = YES;
				INFOPLIST_KEY_CFBundleDisplayName = Bubo;
				INFOPLIST_KEY_LSApplicationCategoryType = "public.app-category.productivity";
				INFOPLIST_KEY_NSHumanReadableCopyright = "© 2026 Matteo Giuditta";
				LD_RUNPATH_SEARCH_PATHS = (
					"$(inherited)",
					"@executable_path/../Frameworks",
				);
				MARKETING_VERSION = 0.1.0;
				PRODUCT_BUNDLE_IDENTIFIER = com.mgiuditta.bubo;
				SDKROOT = macosx;
			};
			name = Release;
		};
		CBAC81EB299DD00AC1D8C220 /* Debug */ = {
			isa = XCBuildConfiguration;
			buildSettings = {
				ALWAYS_SEARCH_USER_PATHS = NO;
				CLANG_ANALYZER_NONNULL = YES;
				CLANG_ANALYZER_NUMBER_OBJECT_CONVERSION = YES_AGGRESSIVE;
				CLANG_CXX_LANGUAGE_STANDARD = "gnu++14";
				CLANG_CXX_LIBRARY = "libc++";
				CLANG_ENABLE_MODULES = YES;
				CLANG_ENABLE_OBJC_ARC = YES;
				CLANG_ENABLE_OBJC_WEAK = YES;
				CLANG_WARN_BLOCK_CAPTURE_AUTORELEASING = YES;
				CLANG_WARN_BOOL_CONVERSION = YES;
				CLANG_WARN_COMMA = YES;
				CLANG_WARN_CONSTANT_CONVERSION = YES;
				CLANG_WARN_DEPRECATED_OBJC_IMPLEMENTATIONS = YES;
				CLANG_WARN_DIRECT_OBJC_ISA_USAGE = YES_ERROR;
				CLANG_WARN_DOCUMENTATION_COMMENTS = YES;
				CLANG_WARN_EMPTY_BODY = YES;
				CLANG_WARN_ENUM_CONVERSION = YES;
				CLANG_WARN_INFINITE_RECURSION = YES;
				CLANG_WARN_INT_CONVERSION = YES;
				CLANG_WARN_NON_LITERAL_NULL_CONVERSION = YES;
				CLANG_WARN_OBJC_IMPLICIT_RETAIN_SELF = YES;
				CLANG_WARN_OBJC_LITERAL_CONVERSION = YES;
				CLANG_WARN_OBJC_ROOT_CLASS = YES_ERROR;
				CLANG_WARN_QUOTED_INCLUDE_IN_FRAMEWORK_HEADER = YES;
				CLANG_WARN_RANGE_LOOP_ANALYSIS = YES;
				CLANG_WARN_STRICT_PROTOTYPES = YES;
				CLANG_WARN_SUSPICIOUS_MOVE = YES;
				CLANG_WARN_UNGUARDED_AVAILABILITY = YES_AGGRESSIVE;
				CLANG_WARN_UNREACHABLE_CODE = YES;
				CLANG_WARN__DUPLICATE_METHOD_MATCH = YES;
				CODE_SIGN_IDENTITY = "Apple Development";
				CODE_SIGN_STYLE = Manual;
				COPY_PHASE_STRIP = NO;
				DEBUG_INFORMATION_FORMAT = dwarf;
				DEVELOPMENT_TEAM = U38D796ZBJ;
				ENABLE_HARDENED_RUNTIME = YES;
				ENABLE_STRICT_OBJC_MSGSEND = YES;
				ENABLE_TESTABILITY = YES;
				GCC_C_LANGUAGE_STANDARD = gnu11;
				GCC_DYNAMIC_NO_PIC = NO;
				GCC_NO_COMMON_BLOCKS = YES;
				GCC_OPTIMIZATION_LEVEL = 0;
				GCC_PREPROCESSOR_DEFINITIONS = (
					"$(inherited)",
					"DEBUG=1",
				);
				GCC_WARN_64_TO_32_BIT_CONVERSION = YES;
				GCC_WARN_ABOUT_RETURN_TYPE = YES_ERROR;
				GCC_WARN_UNDECLARED_SELECTOR = YES;
				GCC_WARN_UNINITIALIZED_AUTOS = YES_AGGRESSIVE;
				GCC_WARN_UNUSED_FUNCTION = YES;
				GCC_WARN_UNUSED_VARIABLE = YES;
				LOCALIZATION_PREFERS_STRING_CATALOGS = YES;
				MACOSX_DEPLOYMENT_TARGET = 26.0;
				MTL_ENABLE_DEBUG_INFO = INCLUDE_SOURCE;
				MTL_FAST_MATH = YES;
				ONLY_ACTIVE_ARCH = YES;
				PRODUCT_NAME = "$(TARGET_NAME)";
				SDKROOT = macosx;
				SWIFT_ACTIVE_COMPILATION_CONDITIONS = DEBUG;
				SWIFT_APPROACHABLE_CONCURRENCY = YES;
				SWIFT_DEFAULT_ACTOR_ISOLATION = MainActor;
				SWIFT_EMIT_LOC_STRINGS = YES;
				SWIFT_OPTIMIZATION_LEVEL = "-Onone";
				SWIFT_STRICT_CONCURRENCY = complete;
				SWIFT_VERSION = 6.0;
			};
			name = Debug;
		};
		E0C949BA44746866B2D25C74 /* Release */ = {
			isa = XCBuildConfiguration;
			buildSettings = {
				BUNDLE_LOADER = "$(TEST_HOST)";
				COMBINE_HIDPI_IMAGES = YES;
				GENERATE_INFOPLIST_FILE = YES;
				LD_RUNPATH_SEARCH_PATHS = (
					"$(inherited)",
					"@executable_path/../Frameworks",
					"@loader_path/../Frameworks",
				);
				PRODUCT_BUNDLE_IDENTIFIER = com.mgiuditta.bubo.tests;
				SDKROOT = macosx;
				TEST_HOST = "$(BUILT_PRODUCTS_DIR)/Bubo.app/Contents/MacOS/Bubo";
			};
			name = Release;
		};
		F4801EEFD4DDFC74876C1497 /* Debug */ = {
			isa = XCBuildConfiguration;
			buildSettings = {
				BUNDLE_LOADER = "$(TEST_HOST)";
				COMBINE_HIDPI_IMAGES = YES;
				GENERATE_INFOPLIST_FILE = YES;
				LD_RUNPATH_SEARCH_PATHS = (
					"$(inherited)",
					"@executable_path/../Frameworks",
					"@loader_path/../Frameworks",
				);
				PRODUCT_BUNDLE_IDENTIFIER = com.mgiuditta.bubo.tests;
				SDKROOT = macosx;
				TEST_HOST = "$(BUILT_PRODUCTS_DIR)/Bubo.app/Contents/MacOS/Bubo";
			};
			name = Debug;
		};
/* End XCBuildConfiguration section */

/* Begin XCConfigurationList section */
		561FD5031365B32C210F47F6 /* Build configuration list for PBXProject "Bubo" */ = {
			isa = XCConfigurationList;
			buildConfigurations = (
				CBAC81EB299DD00AC1D8C220 /* Debug */,
				6E35AE5072706F4B086AA043 /* Release */,
			);
			defaultConfigurationIsVisible = 0;
			defaultConfigurationName = Debug;
		};
		7E92B36A1E98BD88B0F8D323 /* Build configuration list for PBXNativeTarget "Bubo" */ = {
			isa = XCConfigurationList;
			buildConfigurations = (
				2702706019CE4D4C6DE4757F /* Debug */,
				BCE5B643711B2379B516F7D8 /* Release */,
			);
			defaultConfigurationIsVisible = 0;
			defaultConfigurationName = Debug;
		};
		EB8EF526BE490A516072655C /* Build configuration list for PBXNativeTarget "BuboTests" */ = {
			isa = XCConfigurationList;
			buildConfigurations = (
				F4801EEFD4DDFC74876C1497 /* Debug */,
				E0C949BA44746866B2D25C74 /* Release */,
			);
			defaultConfigurationIsVisible = 0;
			defaultConfigurationName = Debug;
		};
/* End XCConfigurationList section */
	};
	rootObject = 42E28187C7F16FDF4E5257D3 /* Project object */;
}
